// !$*UTF8*$!
{
	archiveVersion = 1;
	classes = {
	};
	objectVersion = 48;
	objects = {

/* Begin PBXBuildFile section */
		30116505209333E60051A9EF /* YCMainCollectionViewCell.m in Sources */ = {isa = PBXBuildFile; fileRef = 30116503209333E60051A9EF /* YCMainCollectionViewCell.m */; };
		30116506209333E60051A9EF /* YCMainCollectionViewCell.xib in Resources */ = {isa = PBXBuildFile; fileRef = 30116504209333E60051A9EF /* YCMainCollectionViewCell.xib */; };
		30116509209343A50051A9EF /* YCMainSlidingListModel.m in Sources */ = {isa = PBXBuildFile; fileRef = 30116508209343A50051A9EF /* YCMainSlidingListModel.m */; };
		303A4B452097261C00685BAB /* UIView+YCView.m in Sources */ = {isa = PBXBuildFile; fileRef = 303A4B442097261C00685BAB /* UIView+YCView.m */; };
		303A4B48209875B900685BAB /* YCMainDataModel.m in Sources */ = {isa = PBXBuildFile; fileRef = 303A4B47209875B900685BAB /* YCMainDataModel.m */; };
		303A4B4B2098774000685BAB /* YCMainDataListModel.m in Sources */ = {isa = PBXBuildFile; fileRef = 303A4B4A2098774000685BAB /* YCMainDataListModel.m */; };
		303A4B4E2098791F00685BAB /* YCMainDataListContentModel.m in Sources */ = {isa = PBXBuildFile; fileRef = 303A4B4D2098791F00685BAB /* YCMainDataListContentModel.m */; };
		303A4B512098797F00685BAB /* YCVideoModel.m in Sources */ = {isa = PBXBuildFile; fileRef = 303A4B502098797F00685BAB /* YCVideoModel.m */; };
		303A4B542099CFA900685BAB /* YCDetailModel.m in Sources */ = {isa = PBXBuildFile; fileRef = 303A4B532099CFA900685BAB /* YCDetailModel.m */; };
		303A4B572099D1A800685BAB /* UIColor+YCColor.m in Sources */ = {isa = PBXBuildFile; fileRef = 303A4B562099D1A800685BAB /* UIColor+YCColor.m */; };
		303A4B5A209AE59300685BAB /* YCDetailTableViewCell.m in Sources */ = {isa = PBXBuildFile; fileRef = 303A4B59209AE59300685BAB /* YCDetailTableViewCell.m */; };
		303A4B5C209B0F3A00685BAB /* YCDetailTableViewCell.xib in Resources */ = {isa = PBXBuildFile; fileRef = 303A4B5B209B0F3A00685BAB /* YCDetailTableViewCell.xib */; };
		303A4B5F209B408C00685BAB /* YCMainDataContentmodel.m in Sources */ = {isa = PBXBuildFile; fileRef = 303A4B5E209B408C00685BAB /* YCMainDataContentmodel.m */; };
		304908D0208EFB3C0044D105 /* YCScreensStoryboard.storyboard in Resources */ = {isa = PBXBuildFile; fileRef = 304908CF208EFB3C0044D105 /* YCScreensStoryboard.storyboard */; };
		304908D4208EFC330044D105 /* BaseViewController.m in Sources */ = {isa = PBXBuildFile; fileRef = 304908D3208EFC330044D105 /* BaseViewController.m */; };
		304908D7208EFC9D0044D105 /* NavigationViewController.m in Sources */ = {isa = PBXBuildFile; fileRef = 304908D6208EFC9D0044D105 /* NavigationViewController.m */; };
		304908DD208F04530044D105 /* LeftSlideTableViewController.m in Sources */ = {isa = PBXBuildFile; fileRef = 304908DC208F04530044D105 /* LeftSlideTableViewController.m */; };
		304908E1208F053B0044D105 /* YCMainViewController.m in Sources */ = {isa = PBXBuildFile; fileRef = 304908E0208F053B0044D105 /* YCMainViewController.m */; };
		304908E3208F07500044D105 /* YCMediaAssets.xcassets in Resources */ = {isa = PBXBuildFile; fileRef = 304908E2208F07500044D105 /* YCMediaAssets.xcassets */; };
		304908E6208F42A50044D105 /* YCSideListModel.m in Sources */ = {isa = PBXBuildFile; fileRef = 304908E5208F42A50044D105 /* YCSideListModel.m */; };
		304908EB208F4A0D0044D105 /* YCButtonView.m in Sources */ = {isa = PBXBuildFile; fileRef = 304908E9208F4A0D0044D105 /* YCButtonView.m */; };
		304908EC208F4A0D0044D105 /* YCButtonView.xib in Resources */ = {isa = PBXBuildFile; fileRef = 304908EA208F4A0D0044D105 /* YCButtonView.xib */; };
		304908F0208F4A900044D105 /* YCSideTableHeader.m in Sources */ = {isa = PBXBuildFile; fileRef = 304908EF208F4A900044D105 /* YCSideTableHeader.m */; };
		304908F2208F4A9F0044D105 /* YCSideTableHeader.xib in Resources */ = {isa = PBXBuildFile; fileRef = 304908F1208F4A9F0044D105 /* YCSideTableHeader.xib */; };
		304908F6208F4BD40044D105 /* YCGradientView.m in Sources */ = {isa = PBXBuildFile; fileRef = 304908F5208F4BD40044D105 /* YCGradientView.m */; };
		30859A15207F3D760052F884 /* AppDelegate.m in Sources */ = {isa = PBXBuildFile; fileRef = 30859A14207F3D760052F884 /* AppDelegate.m */; };
		30859A18207F3D770052F884 /* ViewController.m in Sources */ = {isa = PBXBuildFile; fileRef = 30859A17207F3D770052F884 /* ViewController.m */; };
		30859A1B207F3D770052F884 /* Main.storyboard in Resources */ = {isa = PBXBuildFile; fileRef = 30859A19207F3D770052F884 /* Main.storyboard */; };
		30859A1D207F3D770052F884 /* Assets.xcassets in Resources */ = {isa = PBXBuildFile; fileRef = 30859A1C207F3D770052F884 /* Assets.xcassets */; };
		30859A20207F3D770052F884 /* LaunchScreen.storyboard in Resources */ = {isa = PBXBuildFile; fileRef = 30859A1E207F3D770052F884 /* LaunchScreen.storyboard */; };
		30859A23207F3D770052F884 /* main.m in Sources */ = {isa = PBXBuildFile; fileRef = 30859A22207F3D770052F884 /* main.m */; };
		30859A2A207F3F510052F884 /* GoogleService-Info.plist in Resources */ = {isa = PBXBuildFile; fileRef = 30859A29207F3F510052F884 /* GoogleService-Info.plist */; };
		30859A39207F5C700052F884 /* YCSingleton.m in Sources */ = {isa = PBXBuildFile; fileRef = 30859A38207F5C700052F884 /* YCSingleton.m */; };
		308B920D207F9F3200BA2861 /* Reachability.m in Sources */ = {isa = PBXBuildFile; fileRef = 308B920B207F9F3200BA2861 /* Reachability.m */; };
		308B92612080996400BA2861 /* YCIntroCollectionViewCell.m in Sources */ = {isa = PBXBuildFile; fileRef = 308B925F2080996400BA2861 /* YCIntroCollectionViewCell.m */; };
		308B92622080996400BA2861 /* YCIntroCollectionViewCell.xib in Resources */ = {isa = PBXBuildFile; fileRef = 308B92602080996400BA2861 /* YCIntroCollectionViewCell.xib */; };
		308B92662080AED800BA2861 /* YCIntroViewController.m in Sources */ = {isa = PBXBuildFile; fileRef = 308B92652080AED800BA2861 /* YCIntroViewController.m */; };
		30F27034207F61F7007394EB /* YCIntroModel.m in Sources */ = {isa = PBXBuildFile; fileRef = 30F27033207F61F7007394EB /* YCIntroModel.m */; };
		30F27040207F65AE007394EB /* NSString+YCString.m in Sources */ = {isa = PBXBuildFile; fileRef = 30F2703F207F65AE007394EB /* NSString+YCString.m */; };
		30F3FA9820907D4E0094886C /* YCDetailViewController.m in Sources */ = {isa = PBXBuildFile; fileRef = 30F3FA9720907D4E0094886C /* YCDetailViewController.m */; };
		8ACAD603FEB4B92070C66EC9 /* Pods_YogaChromium.framework in Frameworks */ = {isa = PBXBuildFile; fileRef = 2F5A2AB1B2FAD0AE5ECB87B5 /* Pods_YogaChromium.framework */; };
/* End PBXBuildFile section */

/* Begin PBXFileReference section */
		2F5A2AB1B2FAD0AE5ECB87B5 /* Pods_YogaChromium.framework */ = {isa = PBXFileReference; explicitFileType = wrapper.framework; includeInIndex = 0; path = Pods_YogaChromium.framework; sourceTree = BUILT_PRODUCTS_DIR; };
		30116502209333E60051A9EF /* YCMainCollectionViewCell.h */ = {isa = PBXFileReference; lastKnownFileType = sourcecode.c.h; path = YCMainCollectionViewCell.h; sourceTree = "<group>"; };
		30116503209333E60051A9EF /* YCMainCollectionViewCell.m */ = {isa = PBXFileReference; lastKnownFileType = sourcecode.c.objc; path = YCMainCollectionViewCell.m; sourceTree = "<group>"; };
		30116504209333E60051A9EF /* YCMainCollectionViewCell.xib */ = {isa = PBXFileReference; lastKnownFileType = file.xib; path = YCMainCollectionViewCell.xib; sourceTree = "<group>"; };
		30116507209343A50051A9EF /* YCMainSlidingListModel.h */ = {isa = PBXFileReference; lastKnownFileType = sourcecode.c.h; path = YCMainSlidingListModel.h; sourceTree = "<group>"; };
		30116508209343A50051A9EF /* YCMainSlidingListModel.m */ = {isa = PBXFileReference; lastKnownFileType = sourcecode.c.objc; path = YCMainSlidingListModel.m; sourceTree = "<group>"; };
		303A4B432097261C00685BAB /* UIView+YCView.h */ = {isa = PBXFileReference; lastKnownFileType = sourcecode.c.h; path = "UIView+YCView.h"; sourceTree = "<group>"; };
		303A4B442097261C00685BAB /* UIView+YCView.m */ = {isa = PBXFileReference; lastKnownFileType = sourcecode.c.objc; path = "UIView+YCView.m"; sourceTree = "<group>"; };
		303A4B46209875B900685BAB /* YCMainDataModel.h */ = {isa = PBXFileReference; lastKnownFileType = sourcecode.c.h; path = YCMainDataModel.h; sourceTree = "<group>"; };
		303A4B47209875B900685BAB /* YCMainDataModel.m */ = {isa = PBXFileReference; lastKnownFileType = sourcecode.c.objc; path = YCMainDataModel.m; sourceTree = "<group>"; };
		303A4B492098774000685BAB /* YCMainDataListModel.h */ = {isa = PBXFileReference; lastKnownFileType = sourcecode.c.h; path = YCMainDataListModel.h; sourceTree = "<group>"; };
		303A4B4A2098774000685BAB /* YCMainDataListModel.m */ = {isa = PBXFileReference; lastKnownFileType = sourcecode.c.objc; path = YCMainDataListModel.m; sourceTree = "<group>"; };
		303A4B4C2098791F00685BAB /* YCMainDataListContentModel.h */ = {isa = PBXFileReference; lastKnownFileType = sourcecode.c.h; path = YCMainDataListContentModel.h; sourceTree = "<group>"; };
		303A4B4D2098791F00685BAB /* YCMainDataListContentModel.m */ = {isa = PBXFileReference; lastKnownFileType = sourcecode.c.objc; path = YCMainDataListContentModel.m; sourceTree = "<group>"; };
		303A4B4F2098797F00685BAB /* YCVideoModel.h */ = {isa = PBXFileReference; lastKnownFileType = sourcecode.c.h; path = YCVideoModel.h; sourceTree = "<group>"; };
		303A4B502098797F00685BAB /* YCVideoModel.m */ = {isa = PBXFileReference; lastKnownFileType = sourcecode.c.objc; path = YCVideoModel.m; sourceTree = "<group>"; };
		303A4B522099CFA900685BAB /* YCDetailModel.h */ = {isa = PBXFileReference; lastKnownFileType = sourcecode.c.h; path = YCDetailModel.h; sourceTree = "<group>"; };
		303A4B532099CFA900685BAB /* YCDetailModel.m */ = {isa = PBXFileReference; lastKnownFileType = sourcecode.c.objc; path = YCDetailModel.m; sourceTree = "<group>"; };
		303A4B552099D1A800685BAB /* UIColor+YCColor.h */ = {isa = PBXFileReference; lastKnownFileType = sourcecode.c.h; path = "UIColor+YCColor.h"; sourceTree = "<group>"; };
		303A4B562099D1A800685BAB /* UIColor+YCColor.m */ = {isa = PBXFileReference; lastKnownFileType = sourcecode.c.objc; path = "UIColor+YCColor.m"; sourceTree = "<group>"; };
		303A4B58209AE59300685BAB /* YCDetailTableViewCell.h */ = {isa = PBXFileReference; lastKnownFileType = sourcecode.c.h; path = YCDetailTableViewCell.h; sourceTree = "<group>"; };
		303A4B59209AE59300685BAB /* YCDetailTableViewCell.m */ = {isa = PBXFileReference; lastKnownFileType = sourcecode.c.objc; path = YCDetailTableViewCell.m; sourceTree = "<group>"; };
		303A4B5B209B0F3A00685BAB /* YCDetailTableViewCell.xib */ = {isa = PBXFileReference; lastKnownFileType = file.xib; path = YCDetailTableViewCell.xib; sourceTree = "<group>"; };
		303A4B5D209B408C00685BAB /* YCMainDataContentmodel.h */ = {isa = PBXFileReference; lastKnownFileType = sourcecode.c.h; path = YCMainDataContentmodel.h; sourceTree = "<group>"; };
		303A4B5E209B408C00685BAB /* YCMainDataContentmodel.m */ = {isa = PBXFileReference; lastKnownFileType = sourcecode.c.objc; path = YCMainDataContentmodel.m; sourceTree = "<group>"; };
		304908CF208EFB3C0044D105 /* YCScreensStoryboard.storyboard */ = {isa = PBXFileReference; lastKnownFileType = file.storyboard; path = YCScreensStoryboard.storyboard; sourceTree = "<group>"; };
		304908D2208EFC330044D105 /* BaseViewController.h */ = {isa = PBXFileReference; lastKnownFileType = sourcecode.c.h; path = BaseViewController.h; sourceTree = "<group>"; };
		304908D3208EFC330044D105 /* BaseViewController.m */ = {isa = PBXFileReference; lastKnownFileType = sourcecode.c.objc; path = BaseViewController.m; sourceTree = "<group>"; };
		304908D5208EFC9D0044D105 /* NavigationViewController.h */ = {isa = PBXFileReference; lastKnownFileType = sourcecode.c.h; path = NavigationViewController.h; sourceTree = "<group>"; };
		304908D6208EFC9D0044D105 /* NavigationViewController.m */ = {isa = PBXFileReference; lastKnownFileType = sourcecode.c.objc; path = NavigationViewController.m; sourceTree = "<group>"; };
		304908DB208F04530044D105 /* LeftSlideTableViewController.h */ = {isa = PBXFileReference; lastKnownFileType = sourcecode.c.h; path = LeftSlideTableViewController.h; sourceTree = "<group>"; };
		304908DC208F04530044D105 /* LeftSlideTableViewController.m */ = {isa = PBXFileReference; lastKnownFileType = sourcecode.c.objc; path = LeftSlideTableViewController.m; sourceTree = "<group>"; };
		304908DF208F053B0044D105 /* YCMainViewController.h */ = {isa = PBXFileReference; lastKnownFileType = sourcecode.c.h; path = YCMainViewController.h; sourceTree = "<group>"; };
		304908E0208F053B0044D105 /* YCMainViewController.m */ = {isa = PBXFileReference; lastKnownFileType = sourcecode.c.objc; path = YCMainViewController.m; sourceTree = "<group>"; };
		304908E2208F07500044D105 /* YCMediaAssets.xcassets */ = {isa = PBXFileReference; lastKnownFileType = folder.assetcatalog; path = YCMediaAssets.xcassets; sourceTree = "<group>"; };
		304908E4208F42A50044D105 /* YCSideListModel.h */ = {isa = PBXFileReference; lastKnownFileType = sourcecode.c.h; path = YCSideListModel.h; sourceTree = "<group>"; };
		304908E5208F42A50044D105 /* YCSideListModel.m */ = {isa = PBXFileReference; lastKnownFileType = sourcecode.c.objc; path = YCSideListModel.m; sourceTree = "<group>"; };
		304908E8208F4A0D0044D105 /* YCButtonView.h */ = {isa = PBXFileReference; fileEncoding = 4; lastKnownFileType = sourcecode.c.h; path = YCButtonView.h; sourceTree = "<group>"; };
		304908E9208F4A0D0044D105 /* YCButtonView.m */ = {isa = PBXFileReference; fileEncoding = 4; lastKnownFileType = sourcecode.c.objc; path = YCButtonView.m; sourceTree = "<group>"; };
		304908EA208F4A0D0044D105 /* YCButtonView.xib */ = {isa = PBXFileReference; fileEncoding = 4; lastKnownFileType = file.xib; path = YCButtonView.xib; sourceTree = "<group>"; };
		304908EE208F4A900044D105 /* YCSideTableHeader.h */ = {isa = PBXFileReference; lastKnownFileType = sourcecode.c.h; path = YCSideTableHeader.h; sourceTree = "<group>"; };
		304908EF208F4A900044D105 /* YCSideTableHeader.m */ = {isa = PBXFileReference; lastKnownFileType = sourcecode.c.objc; path = YCSideTableHeader.m; sourceTree = "<group>"; };
		304908F1208F4A9F0044D105 /* YCSideTableHeader.xib */ = {isa = PBXFileReference; lastKnownFileType = file.xib; path = YCSideTableHeader.xib; sourceTree = "<group>"; };
		304908F4208F4BD40044D105 /* YCGradientView.h */ = {isa = PBXFileReference; lastKnownFileType = sourcecode.c.h; path = YCGradientView.h; sourceTree = "<group>"; };
		304908F5208F4BD40044D105 /* YCGradientView.m */ = {isa = PBXFileReference; lastKnownFileType = sourcecode.c.objc; path = YCGradientView.m; sourceTree = "<group>"; };
		30859A10207F3D760052F884 /* YogaChromium.app */ = {isa = PBXFileReference; explicitFileType = wrapper.application; includeInIndex = 0; path = YogaChromium.app; sourceTree = BUILT_PRODUCTS_DIR; };
		30859A13207F3D760052F884 /* AppDelegate.h */ = {isa = PBXFileReference; lastKnownFileType = sourcecode.c.h; path = AppDelegate.h; sourceTree = "<group>"; };
		30859A14207F3D760052F884 /* AppDelegate.m */ = {isa = PBXFileReference; lastKnownFileType = sourcecode.c.objc; path = AppDelegate.m; sourceTree = "<group>"; };
		30859A16207F3D760052F884 /* ViewController.h */ = {isa = PBXFileReference; lastKnownFileType = sourcecode.c.h; path = ViewController.h; sourceTree = "<group>"; };
		30859A17207F3D770052F884 /* ViewController.m */ = {isa = PBXFileReference; lastKnownFileType = sourcecode.c.objc; path = ViewController.m; sourceTree = "<group>"; };
		30859A1A207F3D770052F884 /* Base */ = {isa = PBXFileReference; lastKnownFileType = file.storyboard; name = Base; path = Base.lproj/Main.storyboard; sourceTree = "<group>"; };
		30859A1C207F3D770052F884 /* Assets.xcassets */ = {isa = PBXFileReference; lastKnownFileType = folder.assetcatalog; path = Assets.xcassets; sourceTree = "<group>"; };
		30859A1F207F3D770052F884 /* Base */ = {isa = PBXFileReference; lastKnownFileType = file.storyboard; name = Base; path = Base.lproj/LaunchScreen.storyboard; sourceTree = "<group>"; };
		30859A21207F3D770052F884 /* Info.plist */ = {isa = PBXFileReference; lastKnownFileType = text.plist.xml; path = Info.plist; sourceTree = "<group>"; };
		30859A22207F3D770052F884 /* main.m */ = {isa = PBXFileReference; lastKnownFileType = sourcecode.c.objc; path = main.m; sourceTree = "<group>"; };
		30859A29207F3F510052F884 /* GoogleService-Info.plist */ = {isa = PBXFileReference; lastKnownFileType = text.plist.xml; path = "GoogleService-Info.plist"; sourceTree = "<group>"; };
		30859A33207F42010052F884 /* YogaChromium.pch */ = {isa = PBXFileReference; lastKnownFileType = sourcecode.c.h; path = YogaChromium.pch; sourceTree = "<group>"; };
		30859A37207F5C700052F884 /* YCSingleton.h */ = {isa = PBXFileReference; lastKnownFileType = sourcecode.c.h; path = YCSingleton.h; sourceTree = "<group>"; };
		30859A38207F5C700052F884 /* YCSingleton.m */ = {isa = PBXFileReference; lastKnownFileType = sourcecode.c.objc; path = YCSingleton.m; sourceTree = "<group>"; };
		308B920B207F9F3200BA2861 /* Reachability.m */ = {isa = PBXFileReference; fileEncoding = 4; lastKnownFileType = sourcecode.c.objc; path = Reachability.m; sourceTree = "<group>"; };
		308B920C207F9F3200BA2861 /* Reachability.h */ = {isa = PBXFileReference; fileEncoding = 4; lastKnownFileType = sourcecode.c.h; path = Reachability.h; sourceTree = "<group>"; };
		308B925E2080996400BA2861 /* YCIntroCollectionViewCell.h */ = {isa = PBXFileReference; lastKnownFileType = sourcecode.c.h; path = YCIntroCollectionViewCell.h; sourceTree = "<group>"; };
		308B925F2080996400BA2861 /* YCIntroCollectionViewCell.m */ = {isa = PBXFileReference; lastKnownFileType = sourcecode.c.objc; path = YCIntroCollectionViewCell.m; sourceTree = "<group>"; };
		308B92602080996400BA2861 /* YCIntroCollectionViewCell.xib */ = {isa = PBXFileReference; lastKnownFileType = file.xib; path = YCIntroCollectionViewCell.xib; sourceTree = "<group>"; };
		308B92642080AED800BA2861 /* YCIntroViewController.h */ = {isa = PBXFileReference; lastKnownFileType = sourcecode.c.h; path = YCIntroViewController.h; sourceTree = "<group>"; };
		308B92652080AED800BA2861 /* YCIntroViewController.m */ = {isa = PBXFileReference; lastKnownFileType = sourcecode.c.objc; path = YCIntroViewController.m; sourceTree = "<group>"; };
		30F27032207F61F7007394EB /* YCIntroModel.h */ = {isa = PBXFileReference; lastKnownFileType = sourcecode.c.h; path = YCIntroModel.h; sourceTree = "<group>"; };
		30F27033207F61F7007394EB /* YCIntroModel.m */ = {isa = PBXFileReference; lastKnownFileType = sourcecode.c.objc; path = YCIntroModel.m; sourceTree = "<group>"; };
		30F2703E207F65AE007394EB /* NSString+YCString.h */ = {isa = PBXFileReference; lastKnownFileType = sourcecode.c.h; path = "NSString+YCString.h"; sourceTree = "<group>"; };
		30F2703F207F65AE007394EB /* NSString+YCString.m */ = {isa = PBXFileReference; lastKnownFileType = sourcecode.c.objc; path = "NSString+YCString.m"; sourceTree = "<group>"; };
		30F3FA9620907D4E0094886C /* YCDetailViewController.h */ = {isa = PBXFileReference; lastKnownFileType = sourcecode.c.h; path = YCDetailViewController.h; sourceTree = "<group>"; };
		30F3FA9720907D4E0094886C /* YCDetailViewController.m */ = {isa = PBXFileReference; lastKnownFileType = sourcecode.c.objc; path = YCDetailViewController.m; sourceTree = "<group>"; };
		709ABF474A7274D3B89871D2 /* Pods-YogaChromium.debug.xcconfig */ = {isa = PBXFileReference; includeInIndex = 1; lastKnownFileType = text.xcconfig; name = "Pods-YogaChromium.debug.xcconfig"; path = "Pods/Target Support Files/Pods-YogaChromium/Pods-YogaChromium.debug.xcconfig"; sourceTree = "<group>"; };
		A5243A66FEB53CA703F2F6C6 /* Pods-YogaChromium.release.xcconfig */ = {isa = PBXFileReference; includeInIndex = 1; lastKnownFileType = text.xcconfig; name = "Pods-YogaChromium.release.xcconfig"; path = "Pods/Target Support Files/Pods-YogaChromium/Pods-YogaChromium.release.xcconfig"; sourceTree = "<group>"; };
/* End PBXFileReference section */

/* Begin PBXFrameworksBuildPhase section */
		30859A0D207F3D760052F884 /* Frameworks */ = {
			isa = PBXFrameworksBuildPhase;
			buildActionMask = 2147483647;
			files = (
				8ACAD603FEB4B92070C66EC9 /* Pods_YogaChromium.framework in Frameworks */,
			);
			runOnlyForDeploymentPostprocessing = 0;
		};
/* End PBXFrameworksBuildPhase section */

/* Begin PBXGroup section */
		1237C131757DCE105DADCC37 /* Frameworks */ = {
			isa = PBXGroup;
			children = (
				2F5A2AB1B2FAD0AE5ECB87B5 /* Pods_YogaChromium.framework */,
			);
			name = Frameworks;
			sourceTree = "<group>";
		};
		304908CE208EFACF0044D105 /* StoryBoards */ = {
			isa = PBXGroup;
			children = (
				304908CF208EFB3C0044D105 /* YCScreensStoryboard.storyboard */,
			);
			path = StoryBoards;
			sourceTree = "<group>";
		};
		304908D1208EFB730044D105 /* YCSidebar */ = {
			isa = PBXGroup;
			children = (
				304908D2208EFC330044D105 /* BaseViewController.h */,
				304908D3208EFC330044D105 /* BaseViewController.m */,
				304908D5208EFC9D0044D105 /* NavigationViewController.h */,
				304908D6208EFC9D0044D105 /* NavigationViewController.m */,
				304908DB208F04530044D105 /* LeftSlideTableViewController.h */,
				304908DC208F04530044D105 /* LeftSlideTableViewController.m */,
			);
			path = YCSidebar;
			sourceTree = "<group>";
		};
		304908DE208F05250044D105 /* YCMain */ = {
			isa = PBXGroup;
			children = (
				304908DF208F053B0044D105 /* YCMainViewController.h */,
				304908E0208F053B0044D105 /* YCMainViewController.m */,
			);
			path = YCMain;
			sourceTree = "<group>";
		};
		304908E7208F4A0D0044D105 /* YCButtonView */ = {
			isa = PBXGroup;
			children = (
				304908E8208F4A0D0044D105 /* YCButtonView.h */,
				304908E9208F4A0D0044D105 /* YCButtonView.m */,
				304908EA208F4A0D0044D105 /* YCButtonView.xib */,
			);
			path = YCButtonView;
			sourceTree = "<group>";
		};
		304908ED208F4A510044D105 /* YCSideHeader */ = {
			isa = PBXGroup;
			children = (
				304908EE208F4A900044D105 /* YCSideTableHeader.h */,
				304908EF208F4A900044D105 /* YCSideTableHeader.m */,
				304908F1208F4A9F0044D105 /* YCSideTableHeader.xib */,
			);
			path = YCSideHeader;
			sourceTree = "<group>";
		};
		304908F3208F4BBE0044D105 /* YCGradientView */ = {
			isa = PBXGroup;
			children = (
				304908F4208F4BD40044D105 /* YCGradientView.h */,
				304908F5208F4BD40044D105 /* YCGradientView.m */,
			);
			path = YCGradientView;
			sourceTree = "<group>";
		};
		30859A07207F3D760052F884 = {
			isa = PBXGroup;
			children = (
				30859A29207F3F510052F884 /* GoogleService-Info.plist */,
				30859A12207F3D760052F884 /* YogaChromium */,
				30859A11207F3D760052F884 /* Products */,
				31E4B3341D839870301D36C1 /* Pods */,
				1237C131757DCE105DADCC37 /* Frameworks */,
			);
			sourceTree = "<group>";
		};
		30859A11207F3D760052F884 /* Products */ = {
			isa = PBXGroup;
			children = (
				30859A10207F3D760052F884 /* YogaChromium.app */,
			);
			name = Products;
			sourceTree = "<group>";
		};
		30859A12207F3D760052F884 /* YogaChromium */ = {
			isa = PBXGroup;
			children = (
				304908CE208EFACF0044D105 /* StoryBoards */,
				308B920A207F830300BA2861 /* YCCustomViews */,
				30859A2E207F413D0052F884 /* APIWrapperClass */,
				30859A2C207F413D0052F884 /* YCCategories */,
				30859A31207F413D0052F884 /* YCClasses */,
				30859A2B207F413D0052F884 /* YCSupportFiles */,
				30859A13207F3D760052F884 /* AppDelegate.h */,
				30859A14207F3D760052F884 /* AppDelegate.m */,
				30859A16207F3D760052F884 /* ViewController.h */,
				30859A17207F3D770052F884 /* ViewController.m */,
				30859A19207F3D770052F884 /* Main.storyboard */,
				30859A1C207F3D770052F884 /* Assets.xcassets */,
				30859A1E207F3D770052F884 /* LaunchScreen.storyboard */,
				30859A21207F3D770052F884 /* Info.plist */,
				30859A22207F3D770052F884 /* main.m */,
			);
			path = YogaChromium;
			sourceTree = "<group>";
		};
		30859A2B207F413D0052F884 /* YCSupportFiles */ = {
			isa = PBXGroup;
			children = (
				30F27031207F61B7007394EB /* Models */,
				30859A33207F42010052F884 /* YogaChromium.pch */,
				304908E2208F07500044D105 /* YCMediaAssets.xcassets */,
			);
			path = YCSupportFiles;
			sourceTree = "<group>";
		};
		30859A2C207F413D0052F884 /* YCCategories */ = {
			isa = PBXGroup;
			children = (
				30F2703E207F65AE007394EB /* NSString+YCString.h */,
				30F2703F207F65AE007394EB /* NSString+YCString.m */,
				303A4B432097261C00685BAB /* UIView+YCView.h */,
				303A4B442097261C00685BAB /* UIView+YCView.m */,
				303A4B552099D1A800685BAB /* UIColor+YCColor.h */,
				303A4B562099D1A800685BAB /* UIColor+YCColor.m */,
			);
			path = YCCategories;
			sourceTree = "<group>";
		};
		30859A2E207F413D0052F884 /* APIWrapperClass */ = {
			isa = PBXGroup;
			children = (
				308B920C207F9F3200BA2861 /* Reachability.h */,
				308B920B207F9F3200BA2861 /* Reachability.m */,
			);
			path = APIWrapperClass;
			sourceTree = "<group>";
		};
		30859A31207F413D0052F884 /* YCClasses */ = {
			isa = PBXGroup;
			children = (
				30F3FA9520907C520094886C /* YCDetail */,
				304908DE208F05250044D105 /* YCMain */,
				304908D1208EFB730044D105 /* YCSidebar */,
				308B92632080AEBE00BA2861 /* YCIntroClasses */,
				30859A34207F5C2D0052F884 /* YCSingleton */,
			);
			path = YCClasses;
			sourceTree = "<group>";
		};
		30859A34207F5C2D0052F884 /* YCSingleton */ = {
			isa = PBXGroup;
			children = (
				30859A37207F5C700052F884 /* YCSingleton.h */,
				30859A38207F5C700052F884 /* YCSingleton.m */,
			);
			path = YCSingleton;
			sourceTree = "<group>";
		};
		308B920A207F830300BA2861 /* YCCustomViews */ = {
			isa = PBXGroup;
			children = (
				304908F3208F4BBE0044D105 /* YCGradientView */,
				304908ED208F4A510044D105 /* YCSideHeader */,
				304908E7208F4A0D0044D105 /* YCButtonView */,
				308B925D2080990D00BA2861 /* CustomCell */,
			);
			path = YCCustomViews;
			sourceTree = "<group>";
		};
		308B925D2080990D00BA2861 /* CustomCell */ = {
			isa = PBXGroup;
			children = (
				308B925E2080996400BA2861 /* YCIntroCollectionViewCell.h */,
				308B925F2080996400BA2861 /* YCIntroCollectionViewCell.m */,
				308B92602080996400BA2861 /* YCIntroCollectionViewCell.xib */,
				30116502209333E60051A9EF /* YCMainCollectionViewCell.h */,
				30116503209333E60051A9EF /* YCMainCollectionViewCell.m */,
				30116504209333E60051A9EF /* YCMainCollectionViewCell.xib */,
				303A4B58209AE59300685BAB /* YCDetailTableViewCell.h */,
				303A4B59209AE59300685BAB /* YCDetailTableViewCell.m */,
				303A4B5B209B0F3A00685BAB /* YCDetailTableViewCell.xib */,
			);
			path = CustomCell;
			sourceTree = "<group>";
		};
		308B92632080AEBE00BA2861 /* YCIntroClasses */ = {
			isa = PBXGroup;
			children = (
				308B92642080AED800BA2861 /* YCIntroViewController.h */,
				308B92652080AED800BA2861 /* YCIntroViewController.m */,
			);
			path = YCIntroClasses;
			sourceTree = "<group>";
		};
		30F27031207F61B7007394EB /* Models */ = {
			isa = PBXGroup;
			children = (
				30F27032207F61F7007394EB /* YCIntroModel.h */,
				30F27033207F61F7007394EB /* YCIntroModel.m */,
				304908E4208F42A50044D105 /* YCSideListModel.h */,
				304908E5208F42A50044D105 /* YCSideListModel.m */,
				30116507209343A50051A9EF /* YCMainSlidingListModel.h */,
				30116508209343A50051A9EF /* YCMainSlidingListModel.m */,
				303A4B46209875B900685BAB /* YCMainDataModel.h */,
				303A4B47209875B900685BAB /* YCMainDataModel.m */,
				303A4B492098774000685BAB /* YCMainDataListModel.h */,
				303A4B4A2098774000685BAB /* YCMainDataListModel.m */,
				303A4B5D209B408C00685BAB /* YCMainDataContentmodel.h */,
				303A4B5E209B408C00685BAB /* YCMainDataContentmodel.m */,
				303A4B4C2098791F00685BAB /* YCMainDataListContentModel.h */,
				303A4B4D2098791F00685BAB /* YCMainDataListContentModel.m */,
				303A4B4F2098797F00685BAB /* YCVideoModel.h */,
				303A4B502098797F00685BAB /* YCVideoModel.m */,
				303A4B522099CFA900685BAB /* YCDetailModel.h */,
				303A4B532099CFA900685BAB /* YCDetailModel.m */,
			);
			path = Models;
			sourceTree = "<group>";
		};
		30F3FA9520907C520094886C /* YCDetail */ = {
			isa = PBXGroup;
			children = (
				30F3FA9620907D4E0094886C /* YCDetailViewController.h */,
				30F3FA9720907D4E0094886C /* YCDetailViewController.m */,
			);
			path = YCDetail;
			sourceTree = "<group>";
		};
		31E4B3341D839870301D36C1 /* Pods */ = {
			isa = PBXGroup;
			children = (
				709ABF474A7274D3B89871D2 /* Pods-YogaChromium.debug.xcconfig */,
				A5243A66FEB53CA703F2F6C6 /* Pods-YogaChromium.release.xcconfig */,
			);
			name = Pods;
			sourceTree = "<group>";
		};
/* End PBXGroup section */

/* Begin PBXNativeTarget section */
		30859A0F207F3D760052F884 /* YogaChromium */ = {
			isa = PBXNativeTarget;
			buildConfigurationList = 30859A26207F3D770052F884 /* Build configuration list for PBXNativeTarget "YogaChromium" */;
			buildPhases = (
				49C722F1718356CA4AE21CB2 /* [CP] Check Pods Manifest.lock */,
				30859A0C207F3D760052F884 /* Sources */,
				30859A0D207F3D760052F884 /* Frameworks */,
				30859A0E207F3D760052F884 /* Resources */,
				9D34C80A30509B8E01D12AEC /* [CP] Embed Pods Frameworks */,
				D832A46DDA17346BD541FCED /* [CP] Copy Pods Resources */,
			);
			buildRules = (
			);
			dependencies = (
			);
			name = YogaChromium;
			productName = YogaChromium;
			productReference = 30859A10207F3D760052F884 /* YogaChromium.app */;
			productType = "com.apple.product-type.application";
		};
/* End PBXNativeTarget section */

/* Begin PBXProject section */
		30859A08207F3D760052F884 /* Project object */ = {
			isa = PBXProject;
			attributes = {
				LastUpgradeCheck = 0920;
				ORGANIZATIONNAME = chyatanya;
				TargetAttributes = {
					30859A0F207F3D760052F884 = {
						CreatedOnToolsVersion = 9.2;
						ProvisioningStyle = Manual;
					};
				};
			};
			buildConfigurationList = 30859A0B207F3D760052F884 /* Build configuration list for PBXProject "YogaChromium" */;
			compatibilityVersion = "Xcode 8.0";
			developmentRegion = en;
			hasScannedForEncodings = 0;
			knownRegions = (
				en,
				Base,
			);
			mainGroup = 30859A07207F3D760052F884;
			productRefGroup = 30859A11207F3D760052F884 /* Products */;
			projectDirPath = "";
			projectRoot = "";
			targets = (
				30859A0F207F3D760052F884 /* YogaChromium */,
			);
		};
/* End PBXProject section */

/* Begin PBXResourcesBuildPhase section */
		30859A0E207F3D760052F884 /* Resources */ = {
			isa = PBXResourcesBuildPhase;
			buildActionMask = 2147483647;
			files = (
				304908E3208F07500044D105 /* YCMediaAssets.xcassets in Resources */,
				30859A2A207F3F510052F884 /* GoogleService-Info.plist in Resources */,
				30859A20207F3D770052F884 /* LaunchScreen.storyboard in Resources */,
				30859A1D207F3D770052F884 /* Assets.xcassets in Resources */,
				304908EC208F4A0D0044D105 /* YCButtonView.xib in Resources */,
				308B92622080996400BA2861 /* YCIntroCollectionViewCell.xib in Resources */,
				304908D0208EFB3C0044D105 /* YCScreensStoryboard.storyboard in Resources */,
				30116506209333E60051A9EF /* YCMainCollectionViewCell.xib in Resources */,
				304908F2208F4A9F0044D105 /* YCSideTableHeader.xib in Resources */,
				303A4B5C209B0F3A00685BAB /* YCDetailTableViewCell.xib in Resources */,
				30859A1B207F3D770052F884 /* Main.storyboard in Resources */,
			);
			runOnlyForDeploymentPostprocessing = 0;
		};
/* End PBXResourcesBuildPhase section */

/* Begin PBXShellScriptBuildPhase section */
		49C722F1718356CA4AE21CB2 /* [CP] Check Pods Manifest.lock */ = {
			isa = PBXShellScriptBuildPhase;
			buildActionMask = 2147483647;
			files = (
			);
			inputPaths = (
				"${PODS_PODFILE_DIR_PATH}/Podfile.lock",
				"${PODS_ROOT}/Manifest.lock",
			);
			name = "[CP] Check Pods Manifest.lock";
			outputPaths = (
				"$(DERIVED_FILE_DIR)/Pods-YogaChromium-checkManifestLockResult.txt",
			);
			runOnlyForDeploymentPostprocessing = 0;
			shellPath = /bin/sh;
			shellScript = "diff \"${PODS_PODFILE_DIR_PATH}/Podfile.lock\" \"${PODS_ROOT}/Manifest.lock\" > /dev/null\nif [ $? != 0 ] ; then\n    # print error to STDERR\n    echo \"error: The sandbox is not in sync with the Podfile.lock. Run 'pod install' or update your CocoaPods installation.\" >&2\n    exit 1\nfi\n# This output is used by Xcode 'outputs' to avoid re-running this script phase.\necho \"SUCCESS\" > \"${SCRIPT_OUTPUT_FILE_0}\"\n";
			showEnvVarsInLog = 0;
		};
		9D34C80A30509B8E01D12AEC /* [CP] Embed Pods Frameworks */ = {
			isa = PBXShellScriptBuildPhase;
			buildActionMask = 2147483647;
			files = (
			);
			inputPaths = (
				"${SRCROOT}/Pods/Target Support Files/Pods-YogaChromium/Pods-YogaChromium-frameworks.sh",
				"${BUILT_PRODUCTS_DIR}/GoogleToolboxForMac/GoogleToolboxForMac.framework",
				"${BUILT_PRODUCTS_DIR}/LGSideMenuController/LGSideMenuController.framework",
				"${BUILT_PRODUCTS_DIR}/SDWebImage/SDWebImage.framework",
				"${BUILT_PRODUCTS_DIR}/leveldb-library/leveldb.framework",
				"${BUILT_PRODUCTS_DIR}/nanopb/nanopb.framework",
				"${BUILT_PRODUCTS_DIR}/youtube-ios-player-helper/youtube_ios_player_helper.framework",
			);
			name = "[CP] Embed Pods Frameworks";
			outputPaths = (
				"${TARGET_BUILD_DIR}/${FRAMEWORKS_FOLDER_PATH}/GoogleToolboxForMac.framework",
				"${TARGET_BUILD_DIR}/${FRAMEWORKS_FOLDER_PATH}/LGSideMenuController.framework",
				"${TARGET_BUILD_DIR}/${FRAMEWORKS_FOLDER_PATH}/SDWebImage.framework",
				"${TARGET_BUILD_DIR}/${FRAMEWORKS_FOLDER_PATH}/leveldb.framework",
				"${TARGET_BUILD_DIR}/${FRAMEWORKS_FOLDER_PATH}/nanopb.framework",
				"${TARGET_BUILD_DIR}/${FRAMEWORKS_FOLDER_PATH}/youtube_ios_player_helper.framework",
			);
			runOnlyForDeploymentPostprocessing = 0;
			shellPath = /bin/sh;
			shellScript = "\"${SRCROOT}/Pods/Target Support Files/Pods-YogaChromium/Pods-YogaChromium-frameworks.sh\"\n";
			showEnvVarsInLog = 0;
		};
		D832A46DDA17346BD541FCED /* [CP] Copy Pods Resources */ = {
			isa = PBXShellScriptBuildPhase;
			buildActionMask = 2147483647;
			files = (
			);
			inputPaths = (
			);
			name = "[CP] Copy Pods Resources";
			outputPaths = (
			);
			runOnlyForDeploymentPostprocessing = 0;
			shellPath = /bin/sh;
			shellScript = "\"${SRCROOT}/Pods/Target Support Files/Pods-YogaChromium/Pods-YogaChromium-resources.sh\"\n";
			showEnvVarsInLog = 0;
		};
/* End PBXShellScriptBuildPhase section */

/* Begin PBXSourcesBuildPhase section */
		30859A0C207F3D760052F884 /* Sources */ = {
			isa = PBXSourcesBuildPhase;
			buildActionMask = 2147483647;
			files = (
				303A4B5F209B408C00685BAB /* YCMainDataContentmodel.m in Sources */,
				304908F0208F4A900044D105 /* YCSideTableHeader.m in Sources */,
				303A4B512098797F00685BAB /* YCVideoModel.m in Sources */,
				30859A39207F5C700052F884 /* YCSingleton.m in Sources */,
				303A4B4E2098791F00685BAB /* YCMainDataListContentModel.m in Sources */,
				303A4B5A209AE59300685BAB /* YCDetailTableViewCell.m in Sources */,
				303A4B48209875B900685BAB /* YCMainDataModel.m in Sources */,
				304908E1208F053B0044D105 /* YCMainViewController.m in Sources */,
				304908E6208F42A50044D105 /* YCSideListModel.m in Sources */,
				303A4B4B2098774000685BAB /* YCMainDataListModel.m in Sources */,
				30859A18207F3D770052F884 /* ViewController.m in Sources */,
				304908D4208EFC330044D105 /* BaseViewController.m in Sources */,
				303A4B542099CFA900685BAB /* YCDetailModel.m in Sources */,
				303A4B452097261C00685BAB /* UIView+YCView.m in Sources */,
				30F27034207F61F7007394EB /* YCIntroModel.m in Sources */,
				30116509209343A50051A9EF /* YCMainSlidingListModel.m in Sources */,
				30F3FA9820907D4E0094886C /* YCDetailViewController.m in Sources */,
				308B920D207F9F3200BA2861 /* Reachability.m in Sources */,
				30859A23207F3D770052F884 /* main.m in Sources */,
				308B92662080AED800BA2861 /* YCIntroViewController.m in Sources */,
				304908DD208F04530044D105 /* LeftSlideTableViewController.m in Sources */,
				304908D7208EFC9D0044D105 /* NavigationViewController.m in Sources */,
				304908EB208F4A0D0044D105 /* YCButtonView.m in Sources */,
				30116505209333E60051A9EF /* YCMainCollectionViewCell.m in Sources */,
				308B92612080996400BA2861 /* YCIntroCollectionViewCell.m in Sources */,
				303A4B572099D1A800685BAB /* UIColor+YCColor.m in Sources */,
				304908F6208F4BD40044D105 /* YCGradientView.m in Sources */,
				30F27040207F65AE007394EB /* NSString+YCString.m in Sources */,
				30859A15207F3D760052F884 /* AppDelegate.m in Sources */,
			);
			runOnlyForDeploymentPostprocessing = 0;
		};
/* End PBXSourcesBuildPhase section */

/* Begin PBXVariantGroup section */
		30859A19207F3D770052F884 /* Main.storyboard */ = {
			isa = PBXVariantGroup;
			children = (
				30859A1A207F3D770052F884 /* Base */,
			);
			name = Main.storyboard;
			sourceTree = "<group>";
		};
		30859A1E207F3D770052F884 /* LaunchScreen.storyboard */ = {
			isa = PBXVariantGroup;
			children = (
				30859A1F207F3D770052F884 /* Base */,
			);
			name = LaunchScreen.storyboard;
			sourceTree = "<group>";
		};
/* End PBXVariantGroup section */

/* Begin XCBuildConfiguration section */
		30859A24207F3D770052F884 /* Debug */ = {
			isa = XCBuildConfiguration;
			buildSettings = {
				ALWAYS_SEARCH_USER_PATHS = NO;
				CLANG_ANALYZER_NONNULL = YES;
				CLANG_ANALYZER_NUMBER_OBJECT_CONVERSION = YES_AGGRESSIVE;
				CLANG_CXX_LANGUAGE_STANDARD = "gnu++14";
				CLANG_CXX_LIBRARY = "libc++";
				CLANG_ENABLE_MODULES = YES;
				CLANG_ENABLE_OBJC_ARC = YES;
				CLANG_WARN_BLOCK_CAPTURE_AUTORELEASING = YES;
				CLANG_WARN_BOOL_CONVERSION = YES;
				CLANG_WARN_COMMA = YES;
				CLANG_WARN_CONSTANT_CONVERSION = YES;
				CLANG_WARN_DIRECT_OBJC_ISA_USAGE = YES_ERROR;
				CLANG_WARN_DOCUMENTATION_COMMENTS = YES;
				CLANG_WARN_EMPTY_BODY = YES;
				CLANG_WARN_ENUM_CONVERSION = YES;
				CLANG_WARN_INFINITE_RECURSION = YES;
				CLANG_WARN_INT_CONVERSION = YES;
				CLANG_WARN_NON_LITERAL_NULL_CONVERSION = YES;
				CLANG_WARN_OBJC_LITERAL_CONVERSION = YES;
				CLANG_WARN_OBJC_ROOT_CLASS = YES_ERROR;
				CLANG_WARN_RANGE_LOOP_ANALYSIS = YES;
				CLANG_WARN_STRICT_PROTOTYPES = YES;
				CLANG_WARN_SUSPICIOUS_MOVE = YES;
				CLANG_WARN_UNGUARDED_AVAILABILITY = YES_AGGRESSIVE;
				CLANG_WARN_UNREACHABLE_CODE = YES;
				CLANG_WARN__DUPLICATE_METHOD_MATCH = YES;
				CODE_SIGN_IDENTITY = "iPhone Developer";
				COPY_PHASE_STRIP = NO;
				DEBUG_INFORMATION_FORMAT = dwarf;
				ENABLE_STRICT_OBJC_MSGSEND = YES;
				ENABLE_TESTABILITY = YES;
				GCC_C_LANGUAGE_STANDARD = gnu11;
				GCC_DYNAMIC_NO_PIC = NO;
				GCC_NO_COMMON_BLOCKS = YES;
				GCC_OPTIMIZATION_LEVEL = 0;
				GCC_PREPROCESSOR_DEFINITIONS = (
					"DEBUG=1",
					"$(inherited)",
				);
				GCC_WARN_64_TO_32_BIT_CONVERSION = YES;
				GCC_WARN_ABOUT_RETURN_TYPE = YES_ERROR;
				GCC_WARN_UNDECLARED_SELECTOR = YES;
				GCC_WARN_UNINITIALIZED_AUTOS = YES_AGGRESSIVE;
				GCC_WARN_UNUSED_FUNCTION = YES;
				GCC_WARN_UNUSED_VARIABLE = YES;
				IPHONEOS_DEPLOYMENT_TARGET = 11.2;
				MTL_ENABLE_DEBUG_INFO = YES;
				ONLY_ACTIVE_ARCH = YES;
				SDKROOT = iphoneos;
			};
			name = Debug;
		};
		30859A25207F3D770052F884 /* Release */ = {
			isa = XCBuildConfiguration;
			buildSettings = {
				ALWAYS_SEARCH_USER_PATHS = NO;
				CLANG_ANALYZER_NONNULL = YES;
				CLANG_ANALYZER_NUMBER_OBJECT_CONVERSION = YES_AGGRESSIVE;
				CLANG_CXX_LANGUAGE_STANDARD = "gnu++14";
				CLANG_CXX_LIBRARY = "libc++";
				CLANG_ENABLE_MODULES = YES;
				CLANG_ENABLE_OBJC_ARC = YES;
				CLANG_WARN_BLOCK_CAPTURE_AUTORELEASING = YES;
				CLANG_WARN_BOOL_CONVERSION = YES;
				CLANG_WARN_COMMA = YES;
				CLANG_WARN_CONSTANT_CONVERSION = YES;
				CLANG_WARN_DIRECT_OBJC_ISA_USAGE = YES_ERROR;
				CLANG_WARN_DOCUMENTATION_COMMENTS = YES;
				CLANG_WARN_EMPTY_BODY = YES;
				CLANG_WARN_ENUM_CONVERSION = YES;
				CLANG_WARN_INFINITE_RECURSION = YES;
				CLANG_WARN_INT_CONVERSION = YES;
				CLANG_WARN_NON_LITERAL_NULL_CONVERSION = YES;
				CLANG_WARN_OBJC_LITERAL_CONVERSION = YES;
				CLANG_WARN_OBJC_ROOT_CLASS = YES_ERROR;
				CLANG_WARN_RANGE_LOOP_ANALYSIS = YES;
				CLANG_WARN_STRICT_PROTOTYPES = YES;
				CLANG_WARN_SUSPICIOUS_MOVE = YES;
				CLANG_WARN_UNGUARDED_AVAILABILITY = YES_AGGRESSIVE;
				CLANG_WARN_UNREACHABLE_CODE = YES;
				CLANG_WARN__DUPLICATE_METHOD_MATCH = YES;
				CODE_SIGN_IDENTITY = "iPhone Developer";
				COPY_PHASE_STRIP = NO;
				DEBUG_INFORMATION_FORMAT = "dwarf-with-dsym";
				ENABLE_NS_ASSERTIONS = NO;
				ENABLE_STRICT_OBJC_MSGSEND = YES;
				GCC_C_LANGUAGE_STANDARD = gnu11;
				GCC_NO_COMMON_BLOCKS = YES;
				GCC_WARN_64_TO_32_BIT_CONVERSION = YES;
				GCC_WARN_ABOUT_RETURN_TYPE = YES_ERROR;
				GCC_WARN_UNDECLARED_SELECTOR = YES;
				GCC_WARN_UNINITIALIZED_AUTOS = YES_AGGRESSIVE;
				GCC_WARN_UNUSED_FUNCTION = YES;
				GCC_WARN_UNUSED_VARIABLE = YES;
				IPHONEOS_DEPLOYMENT_TARGET = 11.2;
				MTL_ENABLE_DEBUG_INFO = NO;
				SDKROOT = iphoneos;
				VALIDATE_PRODUCT = YES;
			};
			name = Release;
		};
		30859A27207F3D770052F884 /* Debug */ = {
			isa = XCBuildConfiguration;
			baseConfigurationReference = 709ABF474A7274D3B89871D2 /* Pods-YogaChromium.debug.xcconfig */;
			buildSettings = {
				ASSETCATALOG_COMPILER_APPICON_NAME = AppIcon;
				CODE_SIGN_STYLE = Manual;
				DEVELOPMENT_TEAM = "";
				FRAMEWORK_SEARCH_PATHS = (
					"$(inherited)",
					"\"${PODS_ROOT}/FirebaseAnalytics/Frameworks\"",
					"\"${PODS_ROOT}/FirebaseCore/Frameworks\"",
					"\"${PODS_ROOT}/FirebaseDatabase/Frameworks\"",
					"\"${PODS_ROOT}/FirebaseInstanceID/Frameworks\"",
					"$(PROJECT_DIR)/YogaChromium",
				);
				GCC_PREFIX_HEADER = "$(SRCROOT)/$(PROJECT_NAME)/YCSupportFiles/YogaChromium.pch";
				INFOPLIST_FILE = YogaChromium/Info.plist;
				LD_RUNPATH_SEARCH_PATHS = "$(inherited) @executable_path/Frameworks";
				PRODUCT_BUNDLE_IDENTIFIER = com.YogaChromium;
				PRODUCT_NAME = "$(TARGET_NAME)";
				PROVISIONING_PROFILE_SPECIFIER = "";
				TARGETED_DEVICE_FAMILY = "1,2";
			};
			name = Debug;
		};
		30859A28207F3D770052F884 /* Release */ = {
			isa = XCBuildConfiguration;
			baseConfigurationReference = A5243A66FEB53CA703F2F6C6 /* Pods-YogaChromium.release.xcconfig */;
			buildSettings = {
				ASSETCATALOG_COMPILER_APPICON_NAME = AppIcon;
				CODE_SIGN_STYLE = Manual;
				DEVELOPMENT_TEAM = "";
				FRAMEWORK_SEARCH_PATHS = (
					"$(inherited)",
					"\"${PODS_ROOT}/FirebaseAnalytics/Frameworks\"",
					"\"${PODS_ROOT}/FirebaseCore/Frameworks\"",
					"\"${PODS_ROOT}/FirebaseDatabase/Frameworks\"",
					"\"${PODS_ROOT}/FirebaseInstanceID/Frameworks\"",
					"$(PROJECT_DIR)/YogaChromium",
				);
				GCC_PREFIX_HEADER = "$(SRCROOT)/$(PROJECT_NAME)/YCSupportFiles/YogaChromium.pch";
				INFOPLIST_FILE = YogaChromium/Info.plist;
				LD_RUNPATH_SEARCH_PATHS = "$(inherited) @executable_path/Frameworks";
				PRODUCT_BUNDLE_IDENTIFIER = com.YogaChromium;
				PRODUCT_NAME = "$(TARGET_NAME)";
				PROVISIONING_PROFILE_SPECIFIER = "";
				TARGETED_DEVICE_FAMILY = "1,2";
			};
			name = Release;
		};
/* End XCBuildConfiguration section */

/* Begin XCConfigurationList section */
		30859A0B207F3D760052F884 /* Build configuration list for PBXProject "YogaChromium" */ = {
			isa = XCConfigurationList;
			buildConfigurations = (
				30859A24207F3D770052F884 /* Debug */,
				30859A25207F3D770052F884 /* Release */,
			);
			defaultConfigurationIsVisible = 0;
			defaultConfigurationName = Release;
		};
		30859A26207F3D770052F884 /* Build configuration list for PBXNativeTarget "YogaChromium" */ = {
			isa = XCConfigurationList;
			buildConfigurations = (
				30859A27207F3D770052F884 /* Debug */,
				30859A28207F3D770052F884 /* Release */,
			);
			defaultConfigurationIsVisible = 0;
			defaultConfigurationName = Release;
		};
/* End XCConfigurationList section */
	};
	rootObject = 30859A08207F3D760052F884 /* Project object */;
}
